
Microsoft Visual Studio Solution File, Format Version 12.00
# Visual Studio 15
VisualStudioVersion = 15.0.27703.2018
MinimumVisualStudioVersion = 10.0.40219.1
Project("{FAE04EC0-301F-11D3-BF4B-00C04F79EFBC}") = "Blood Bank", "Blood Bank\Blood Bank.csproj", "{BE09D915-D1A3-44C1-B36C-FB215A87CAD8}"
EndProject
Project("{FAE04EC0-301F-11D3-BF4B-00C04F79EFBC}") = "BloodBankDbConnection.Entities", "BloodBankDbConnection.Entities\BloodBankDbConnection.Entities.csproj", "{5C7007E0-3403-4CDE-908E-AE88892C7877}"
EndProject
Project("{FAE04EC0-301F-11D3-BF4B-00C04F79EFBC}") = "BloodBankDbConnection.Framework", "BloodBankDbConnection.Framework\BloodBankDbConnection.Framework.csproj", "{E1EA2401-6216-4BA6-B726-1BD528E5AC6B}"
EndProject
Project("{FAE04EC0-301F-11D3-BF4B-00C04F79EFBC}") = "BloodBankDbConnection.DataAccess", "BloodBankDbConnection.DataAccess\BloodBankDbConnection.DataAccess.csproj", "{D6F39FB5-AA66-40BD-9FBE-4AEFA9E0D9F3}"
EndProject
Global
	GlobalSection(SolutionConfigurationPlatforms) = preSolution
		Debug|Any CPU = Debug|Any CPU
		Release|Any CPU = Release|Any CPU
	EndGlobalSection
	GlobalSection(ProjectConfigurationPlatforms) = postSolution
		{BE09D915-D1A3-44C1-B36C-FB215A87CAD8}.Debug|Any CPU.ActiveCfg = Debug|Any CPU
		{BE09D915-D1A3-44C1-B36C-FB215A87CAD8}.Debug|Any CPU.Build.0 = Debug|Any CPU
		{BE09D915-D1A3-44C1-B36C-FB215A87CAD8}.Release|Any CPU.ActiveCfg = Release|Any CPU
		{BE09D915-D1A3-44C1-B36C-FB215A87CAD8}.Release|Any CPU.Build.0 = Release|Any CPU
		{5C7007E0-3403-4CDE-908E-AE88892C7877}.Debug|Any CPU.ActiveCfg = Debug|Any CPU
		{5C7007E0-3403-4CDE-908E-AE88892C7877}.Debug|Any CPU.Build.0 = Debug|Any CPU
		{5C7007E0-3403-4CDE-908E-AE88892C7877}.Release|Any CPU.ActiveCfg = Release|Any CPU
		{5C7007E0-3403-4CDE-908E-AE88892C7877}.Release|Any CPU.Build.0 = Release|Any CPU
		{E1EA2401-6216-4BA6-B726-1BD528E5AC6B}.Debug|Any CPU.ActiveCfg = Debug|Any CPU
		{E1EA2401-6216-4BA6-B726-1BD528E5AC6B}.Debug|Any CPU.Build.0 = Debug|Any CPU
		{E1EA2401-6216-4BA6-B726-1BD528E5AC6B}.Release|Any CPU.ActiveCfg = Release|Any CPU
		{E1EA2401-6216-4BA6-B726-1BD528E5AC6B}.Release|Any CPU.Build.0 = Release|Any CPU
		{D6F39FB5-AA66-40BD-9FBE-4AEFA9E0D9F3}.Debug|Any CPU.ActiveCfg = Debug|Any CPU
		{D6F39FB5-AA66-40BD-9FBE-4AEFA9E0D9F3}.Debug|Any CPU.Build.0 = Debug|Any CPU
		{D6F39FB5-AA66-40BD-9FBE-4AEFA9E0D9F3}.Release|Any CPU.ActiveCfg = Release|Any CPU
		{D6F39FB5-AA66-40BD-9FBE-4AEFA9E0D9F3}.Release|Any CPU.Build.0 = Release|Any CPU
	EndGlobalSection
	GlobalSection(SolutionProperties) = preSolution
		HideSolutionNode = FALSE
	EndGlobalSection
	GlobalSection(ExtensibilityGlobals) = postSolution
		SolutionGuid = {A2D1BF11-7C43-4974-B001-7A1AE368650C}
	EndGlobalSection
EndGlobal
